{
  "version": 4,
  "terraform_version": "1.13.4",
  "serial": 129,
  "lineage": "a7c6f947-186f-f639-2e96-cd0c2e332dec",
  "outputs": {},
  "resources": [
    {
      "mode": "data",
      "type": "aws_ecr_authorization_token",
      "name": "token",
      "provider": "provider[\"registry.terraform.io/hashicorp/aws\"]",
      "instances": [
        {
          "schema_version": 0,
          "attributes": {
            "authorization_token": "QVdTOmV5SndZWGxzYjJGa0lqb2lWbFZtUldNMVJsaHFUVkIxT1RkUlowdFRPRkpIWTBweU5tSjNhSEJLYldwcUswRlRTMlY1Wkc1a1YwUm9OME5sUVZWdE5GcFpOV28xVVVrMVdWaHRhemxhT1ZaeE9HbGpaMEpOWTBFeVUxUjRla1JDUWtvM1dVUkRTU3RKTVdoc1pFNVRjRTFwTkZOcGR6ZEhWblJCV25CcVluaEpZVTFzTDNCbVFtcFdaM1ZYYlRaa1dWUXpWV1UxZEhwbmJGbFpialJ5UzNkQ00wZHNMMmhNUVdkNWJXUnBVM05hY0hCcVVWUTBORWxWY1VaNlZqTnBkRXBRYVZsUFNteGxVRTlZTHprdlRqWkVRMDFJZVdoaFRUUkxRMGxxZVRONmVVTnVNR0ZpYWtKYVF6UlpTM0JJVkVWa1dEbDNOekpTYjFaTVFrWTVSbU0wU1VKNlVITTRUMUk0UldWVUwzcGtUMWN4TTNrclUybElRbUZWUzNsR01tNTNNazV0Ym5aMFJIQm5VbUV6VTBwcGJXY3JTMWhzYVRsWlpIQnpUVXhqUW0xblRXVXlMM0JuTUhoSVUyTlRVR1JyUkVoR09XdGFUVUprVEZOd2JHZElZVEJHUnpWQ2FqZ3piM2sxU1dSaFozZ3ZVRGMzVFV3eUsyOXRjbVV4T0daQk5URXlkazFrYWk5NlNXNHdUazlZVWxGak9YUjBiRU5UZDJsRFIxaEZVbHBhTTNrMGVGUkRTRlI2YlZaeFJUVTVXVTR6ZFVSVkwxVlVTM0F4Y1dGQlZsRjBVbk51VVdGWlJGTnhXVVJIVjNSVVMzZEhjemhJVTB0dFUzQjZUbFZyWVRCNlVHWkJOamQzZG05NGJHY3pZeTlUVkZsblRGSXZNVVkxWjBoWlRDOXJUazVpWTFKVGNVOTVUV0ZJUzFack5FWXJhRXhvWjFCaFR5OXdTRFp6TlM4MVJXUk9NSGhpZVZJd1dHWTFSako1T0VkcVNVRlJObU4zZWl0R1RVNHhOVWs1ZVhvMmVESjRlRGxtVGtFd2REUnhlSHBYYVZGMVNXZGxOamhvT1ZSU05IYzJXbVpCYTJkTmRqQkRPRmhMVmxWNE5HUlBjM05SYjNKbVNGUnNZVVYzV1ZNeFVVRkNiMlpDVFNzMmJYcE9OR1V6ZUdwdE5XZHFRM0J1ZEhKaFNFUjNVMEl6VWt4d09YbG9VRTl6YWpKVEwzUnJMMk4yZUZGamEybHVWWE0wTDJsWGMxSXhVbVJFYWtVeUwxQkdSWFZSYkUxTUsyVlBNa1JZYTJaeFJGZHFlVTVvTDB4MWNHWm1ZM2xHZEhWUFYzZEJSRkpwYlRNNVVFTlNXRGx0YzNwQlNrSllXbWxYZEZkRVZuRmxWM2hRWmtnd2FYcFBielJEVlVJMGFpdHlSMWxSYlhsQ1lrcFNVR2hTTVVzMFVWRlZabE5aWWpsU09VdFdiRmhZZW5kSWFISTRlblZGZUN0MU1XSXZXVEJCZURocmNtSm9iVzAxUkZka2MxTlBSa1JRV0hCNGNuQkVXbEpNTUdoaVkwZ3laMGhXV1dsemFVWnVZMGh0ZUN0a2JrbFdTeXRaU1ZsM2FEWlpLMEZGVDA4NFRtSnVjbXhTVldaSVUwVnRabGxLVFVsMUsxTXdhbU5SZEd0elNrcHZjR2x3VFhodlNtNHlZalZZTTI1c2VtZEtSVEpHUm05RE5VOVJhREpFYkVWemJIcDNhelJ4TmpkSmVuUXdjMGt3U21KME1GWTRVV0pMVm1aM1JXTXhiV1JIU3pJMFVtZEpNMGRsZVVWWE5EUlFZM1ExYm5CSlNFZGFURkJKWjB0MFpUQndZVGxZY0daSU4wUjNWa2hsTm5WelZGQTVUV1pDUlROclpqZGhjSGRKTjJSRGNYaHJVWEZpTlVzek1FZEhhV3ByTWxsSk5IbFRjR1Z3TkZoTWRHZDBMemhHU0haS2R6SkhWa3RrU0UxblEyVktVa1IwVnpabVpYQlhURlZRWjNWM1JXNXBlbkpTT0hkUFZXaFpjMnBpUldwaEwyOHpjalZrU1VONFN6TTNSRzlEZFV0ak5uQnphbVpHUVhGbWJFdHpOVkJsTW01c05rSlVWbFpRYVZOak1GWTRUMlZKVkZZNVozZFlTVEZpUVdGRVVGbzBXbTVKY1c0MlRHTk9ZMjl4ZFM5d2F6QnlOSFJPUkd0SVJYWnFTV00yTDFaeU5XNXlUekJUTVhBM1MxUkJaRUoxYlhRd2VsZGpXalJwUjFkWlEzYzNNbHBuVnpncmFqVmFSSE01ZUVsNGMyOVJWblZoYUZadEwwc3hSa3RLSWl3aVpHRjBZV3RsZVNJNklrRlJSVUpCU0doM2JUQlpZVWxUU21WU2RFcHROVzR4UnpaMWNXVmxhMWgxYjFoWVVHVTFWVVpqWlRsU2NUZ3ZNVFIzUVVGQlNEUjNaa0ZaU2t0dldrbG9kbU5PUVZGalIyOUhPSGRpVVVsQ1FVUkNiMEpuYTNGb2EybEhPWGN3UWtKM1JYZElaMWxLV1VsYVNVRlhWVVJDUVVWMVRVSkZSVVJNSzBJMFVHTXdRa05zYnl0RmFHdHRaMGxDUlVsQk56ZFpiVkZ1YVV0eGMxVTRNM0ZpVEc1NmJsTTFZekZRYlRSR2JWbEVVMG8wUzJrNWFuZDZRV0ZvZFZCa01ITnhUR1ZuU1N0M1ZWTkxjVE14VW5sVVZFWnhNMkZvU0ZRNGVqQXhSRkJQUVhjOUlpd2lkbVZ5YzJsdmJpSTZJaklpTENKMGVYQmxJam9pUkVGVVFWOUxSVmtpTENKbGVIQnBjbUYwYVc5dUlqb3hOell4TlRZek1UTXhmUT09",
            "expires_at": "2025-10-27T11:05:31Z",
            "id": "us-east-1",
            "password": "eyJwYXlsb2FkIjoiVlVmRWM1RlhqTVB1OTdRZ0tTOFJHY0pyNmJ3aHBKbWpqK0FTS2V5ZG5kV0RoN0NlQVVtNFpZNWo1UUk1WVhtazlaOVZxOGljZ0JNY0EyU1R4ekRCQko3WURDSStJMWhsZE5TcE1pNFNpdzdHVnRBWnBqYnhJYU1sL3BmQmpWZ3VXbTZkWVQzVWU1dHpnbFlZbjRyS3dCM0dsL2hMQWd5bWRpU3NacHBqUVQ0NElVcUZ6VjNpdEpQaVlPSmxlUE9YLzkvTjZEQ01IeWhhTTRLQ0lqeTN6eUNuMGFiakJaQzRZS3BIVEVkWDl3NzJSb1ZMQkY5RmM0SUJ6UHM4T1I4RWVUL3pkT1cxM3krU2lIQmFVS3lGMm53Mk5tbnZ0RHBnUmEzU0ppbWcrS1hsaTlZZHBzTUxjQm1nTWUyL3BnMHhIU2NTUGRrREhGOWtaTUJkTFNwbGdIYTBGRzVCajgzb3k1SWRhZ3gvUDc3TUwyK29tcmUxOGZBNTEydk1kai96SW4wTk9YUlFjOXR0bENTd2lDR1hFUlpaM3k0eFRDSFR6bVZxRTU5WU4zdURVL1VUS3AxcWFBVlF0UnNuUWFZRFNxWURHV3RUS3dHczhIU0ttU3B6TlVrYTB6UGZBNjd3dm94bGczYy9TVFlnTFIvMUY1Z0hZTC9rTk5iY1JTcU95TWFIS1ZrNEYraExoZ1BhTy9wSDZzNS81RWROMHhieVIwWGY1RjJ5OEdqSUFRNmN3eitGTU4xNUk5eXo2eDJ4eDlmTkEwdDRxeHpXaVF1SWdlNjhoOVRSNHc2WmZBa2dNdjBDOFhLVlV4NGRPc3NRb3JmSFRsYUV3WVMxUUFCb2ZCTSs2bXpONGUzeGptNWdqQ3BudHJhSER3U0IzUkxwOXloUE9zajJTL3RrL2N2eFFja2luVXM0L2lXc1IxUmREakUyL1BGRXVRbE1MK2VPMkRYa2ZxRFdqeU5oL0x1cGZmY3lGdHVPV3dBRFJpbTM5UENSWDltc3pBSkJYWmlXdFdEVnFlV3hQZkgwaXpPbzRDVUI0aityR1lRbXlCYkpSUGhSMUs0UVFVZlNZYjlSOUtWbFhYendIaHI4enVFeCt1MWIvWTBBeDhrcmJobW01RFdkc1NPRkRQWHB4cnBEWlJMMGhiY0gyZ0hWWWlzaUZuY0hteCtkbklWSytZSVl3aDZZK0FFT084TmJucmxSVWZIU0VtZllKTUl1K1MwamNRdGtzSkpvcGlwTXhvSm4yYjVYM25semdKRTJGRm9DNU9RaDJEbEVzbHp3azRxNjdJenQwc0kwSmJ0MFY4UWJLVmZ3RWMxbWRHSzI0UmdJM0dleUVXNDRQY3Q1bnBJSEdaTFBJZ0t0ZTBwYTlYcGZIN0R3VkhlNnVzVFA5TWZCRTNrZjdhcHdJN2RDcXhrUXFiNUszMEdHaWprMllJNHlTcGVwNFhMdGd0LzhGSHZKdzJHVktkSE1nQ2VKUkR0VzZmZXBXTFVQZ3V3RW5penJSOHdPVWhZc2piRWphL28zcjVkSUN4SzM3RG9DdUtjNnBzamZGQXFmbEtzNVBlMm5sNkJUVlZQaVNjMFY4T2VJVFY5Z3dYSTFiQWFEUFo0Wm5JcW42TGNOY29xdS9wazByNHRORGtIRXZqSWM2L1ZyNW5yTzBTMXA3S1RBZEJ1bXQweldjWjRpR1dZQ3c3MlpnVzgrajVaRHM5eEl4c29RVnVhaFZtL0sxRktKIiwiZGF0YWtleSI6IkFRRUJBSGh3bTBZYUlTSmVSdEptNW4xRzZ1cWVla1h1b1hYUGU1VUZjZTlScTgvMTR3QUFBSDR3ZkFZSktvWklodmNOQVFjR29HOHdiUUlCQURCb0Jna3Foa2lHOXcwQkJ3RXdIZ1lKWUlaSUFXVURCQUV1TUJFRURMK0I0UGMwQkNsbytFaGttZ0lCRUlBNzdZbVFuaUtxc1U4M3FiTG56blM1YzFQbTRGbVlEU0o0S2k5and6QWFodVBkMHNxTGVnSSt3VVNLcTMxUnlUVEZxM2FoSFQ4ejAxRFBPQXc9IiwidmVyc2lvbiI6IjIiLCJ0eXBlIjoiREFUQV9LRVkiLCJleHBpcmF0aW9uIjoxNzYxNTYzMTMxfQ==",
            "proxy_endpoint": "https://843483113908.dkr.ecr.us-east-1.amazonaws.com",
            "region": "us-east-1",
            "registry_id": null,
            "user_name": "AWS"
          },
          "sensitive_attributes": [
            [
              {
                "type": "get_attr",
                "value": "authorization_token"
              }
            ],
            [
              {
                "type": "get_attr",
                "value": "password"
              }
            ]
          ],
          "identity_schema_version": 0
        }
      ]
    },
    {
      "mode": "managed",
      "type": "aws_db_instance",
      "name": "postgres",
      "provider": "provider[\"registry.terraform.io/hashicorp/aws\"]",
      "instances": [
        {
          "schema_version": 2,
          "attributes": {
            "address": "rds-postgres-academy.clw2oa0qas37.us-east-1.rds.amazonaws.com",
            "allocated_storage": 20,
            "allow_major_version_upgrade": null,
            "apply_immediately": false,
            "arn": "arn:aws:rds:us-east-1:843483113908:db:rds-postgres-academy",
            "auto_minor_version_upgrade": true,
            "availability_zone": "us-east-1a",
            "backup_retention_period": 0,
            "backup_target": "region",
            "backup_window": "03:47-04:17",
            "blue_green_update": [],
            "ca_cert_identifier": "rds-ca-rsa2048-g1",
            "character_set_name": "",
            "copy_tags_to_snapshot": false,
            "custom_iam_instance_profile": "",
            "customer_owned_ip_enabled": false,
            "database_insights_mode": "standard",
            "db_name": "cs_project",
            "db_subnet_group_name": "rds-subnet-group-academy",
            "dedicated_log_volume": false,
            "delete_automated_backups": true,
            "deletion_protection": false,
            "domain": "",
            "domain_auth_secret_arn": "",
            "domain_dns_ips": [],
            "domain_fqdn": "",
            "domain_iam_role_name": "",
            "domain_ou": "",
            "enabled_cloudwatch_logs_exports": [],
            "endpoint": "rds-postgres-academy.clw2oa0qas37.us-east-1.rds.amazonaws.com:5432",
            "engine": "postgres",
            "engine_lifecycle_support": "open-source-rds-extended-support",
            "engine_version": "17.4",
            "engine_version_actual": "17.4",
            "final_snapshot_identifier": null,
            "hosted_zone_id": "Z2R2ITUGPM61AM",
            "iam_database_authentication_enabled": false,
            "id": "db-6JJCPWGEJXR6XMQC53G46NDM4U",
            "identifier": "rds-postgres-academy",
            "identifier_prefix": "",
            "instance_class": "db.t3.micro",
            "iops": 0,
            "kms_key_id": "",
            "latest_restorable_time": "",
            "license_model": "postgresql-license",
            "listener_endpoint": [],
            "maintenance_window": "sun:08:19-sun:08:49",
            "manage_master_user_password": null,
            "master_user_secret": [],
            "master_user_secret_kms_key_id": null,
            "max_allocated_storage": 0,
            "monitoring_interval": 0,
            "monitoring_role_arn": "",
            "multi_az": false,
            "nchar_character_set_name": "",
            "network_type": "IPV4",
            "option_group_name": "default:postgres-17",
            "parameter_group_name": "default.postgres17",
            "password": "SenhaMuitoSegura123",
            "password_wo": null,
            "password_wo_version": null,
            "performance_insights_enabled": false,
            "performance_insights_kms_key_id": "",
            "performance_insights_retention_period": 0,
            "port": 5432,
            "publicly_accessible": false,
            "region": "us-east-1",
            "replica_mode": "",
            "replicas": [],
            "replicate_source_db": "",
            "resource_id": "db-6JJCPWGEJXR6XMQC53G46NDM4U",
            "restore_to_point_in_time": [],
            "s3_import": [],
            "skip_final_snapshot": true,
            "snapshot_identifier": null,
            "status": "available",
            "storage_encrypted": false,
            "storage_throughput": 0,
            "storage_type": "gp2",
            "tags": {
              "Name": "RDS-Postgres-Academy"
            },
            "tags_all": {
              "Name": "RDS-Postgres-Academy"
            },
            "timeouts": null,
            "timezone": "",
            "upgrade_storage_config": null,
            "username": "dbadmin",
            "vpc_security_group_ids": [
              "sg-0a14ab12d9815c1b5"
            ]
          },
          "sensitive_attributes": [
            [
              {
                "type": "get_attr",
                "value": "password"
              }
            ],
            [
              {
                "type": "get_attr",
                "value": "password_wo"
              }
            ],
            [
              {
                "type": "get_attr",
                "value": "username"
              }
            ]
          ],
          "identity_schema_version": 0,
          "private": "eyJlMmJmYjczMC1lY2FhLTExZTYtOGY4OC0zNDM2M2JjN2M0YzAiOnsiY3JlYXRlIjozMDAwMDAwMDAwMDAwLCJkZWxldGUiOjM2MDAwMDAwMDAwMDAsInVwZGF0ZSI6NDgwMDAwMDAwMDAwMH0sInNjaGVtYV92ZXJzaW9uIjoiMiJ9",
          "dependencies": [
            "aws_db_subnet_group.rds_subnet_group",
            "aws_security_group.rds_sg",
            "aws_subnet.subnet_a",
            "aws_subnet.subnet_b",
            "aws_vpc.example"
          ]
        }
      ]
    },
    {
      "mode": "managed",
      "type": "aws_db_subnet_group",
      "name": "rds_subnet_group",
      "provider": "provider[\"registry.terraform.io/hashicorp/aws\"]",
      "instances": [
        {
          "schema_version": 0,
          "attributes": {
            "arn": "arn:aws:rds:us-east-1:843483113908:subgrp:rds-subnet-group-academy",
            "description": "DB subnet group for the RDS instance",
            "id": "rds-subnet-group-academy",
            "name": "rds-subnet-group-academy",
            "name_prefix": "",
            "region": "us-east-1",
            "subnet_ids": [
              "subnet-056e80a3dfec0bd9e",
              "subnet-0d0c841fccdb40526"
            ],
            "supported_network_types": [
              "IPV4"
            ],
            "tags": {},
            "tags_all": {},
            "vpc_id": "vpc-0dffa730262bc1735"
          },
          "sensitive_attributes": [],
          "identity_schema_version": 0,
          "private": "bnVsbA==",
          "dependencies": [
            "aws_subnet.subnet_a",
            "aws_subnet.subnet_b",
            "aws_vpc.example"
          ]
        }
      ]
    },
    {
      "mode": "managed",
      "type": "aws_ecr_repository",
      "name": "lambda_repo",
      "provider": "provider[\"registry.terraform.io/hashicorp/aws\"]",
      "instances": [
        {
          "schema_version": 0,
          "attributes": {
            "arn": "arn:aws:ecr:us-east-1:843483113908:repository/cs-t1-springboot-repo",
            "encryption_configuration": [
              {
                "encryption_type": "AES256",
                "kms_key": ""
              }
            ],
            "force_delete": null,
            "id": "cs-t1-springboot-repo",
            "image_scanning_configuration": [
              {
                "scan_on_push": true
              }
            ],
            "image_tag_mutability": "MUTABLE",
            "image_tag_mutability_exclusion_filter": [],
            "name": "cs-t1-springboot-repo",
            "region": "us-east-1",
            "registry_id": "843483113908",
            "repository_url": "843483113908.dkr.ecr.us-east-1.amazonaws.com/cs-t1-springboot-repo",
            "tags": {},
            "tags_all": {},
            "timeouts": null
          },
          "sensitive_attributes": [],
          "identity_schema_version": 0,
          "identity": {
            "account_id": "843483113908",
            "name": "cs-t1-springboot-repo",
            "region": "us-east-1"
          },
          "private": "eyJlMmJmYjczMC1lY2FhLTExZTYtOGY4OC0zNDM2M2JjN2M0YzAiOnsiZGVsZXRlIjoxMjAwMDAwMDAwMDAwfX0="
        }
      ]
    },
    {
      "mode": "managed",
      "type": "aws_security_group",
      "name": "rds_sg",
      "provider": "provider[\"registry.terraform.io/hashicorp/aws\"]",
      "instances": [
        {
          "schema_version": 1,
          "attributes": {
            "arn": "arn:aws:ec2:us-east-1:843483113908:security-group/sg-0a14ab12d9815c1b5",
            "description": "Allow inbound traffic for RDS Postgres",
            "egress": [
              {
                "cidr_blocks": [
                  "0.0.0.0/0"
                ],
                "description": "",
                "from_port": 0,
                "ipv6_cidr_blocks": [],
                "prefix_list_ids": [],
                "protocol": "-1",
                "security_groups": [],
                "self": false,
                "to_port": 0
              }
            ],
            "id": "sg-0a14ab12d9815c1b5",
            "ingress": [
              {
                "cidr_blocks": [
                  "10.0.0.0/16"
                ],
                "description": "",
                "from_port": 5432,
                "ipv6_cidr_blocks": [],
                "prefix_list_ids": [],
                "protocol": "tcp",
                "security_groups": [],
                "self": false,
                "to_port": 5432
              }
            ],
            "name": "rds-postgres-sg",
            "name_prefix": "",
            "owner_id": "843483113908",
            "region": "us-east-1",
            "revoke_rules_on_delete": false,
            "tags": {
              "Name": "rds-postgres-sg"
            },
            "tags_all": {
              "Name": "rds-postgres-sg"
            },
            "timeouts": null,
            "vpc_id": "vpc-0dffa730262bc1735"
          },
          "sensitive_attributes": [],
          "identity_schema_version": 0,
          "identity": {
            "account_id": "843483113908",
            "id": "sg-0a14ab12d9815c1b5",
            "region": "us-east-1"
          },
          "private": "eyJlMmJmYjczMC1lY2FhLTExZTYtOGY4OC0zNDM2M2JjN2M0YzAiOnsiY3JlYXRlIjo2MDAwMDAwMDAwMDAsImRlbGV0ZSI6OTAwMDAwMDAwMDAwfSwic2NoZW1hX3ZlcnNpb24iOiIxIn0=",
          "dependencies": [
            "aws_vpc.example"
          ]
        }
      ]
    },
    {
      "mode": "managed",
      "type": "aws_subnet",
      "name": "subnet_a",
      "provider": "provider[\"registry.terraform.io/hashicorp/aws\"]",
      "instances": [
        {
          "schema_version": 1,
          "attributes": {
            "arn": "arn:aws:ec2:us-east-1:843483113908:subnet/subnet-056e80a3dfec0bd9e",
            "assign_ipv6_address_on_creation": false,
            "availability_zone": "us-east-1a",
            "availability_zone_id": "use1-az2",
            "cidr_block": "10.0.1.0/24",
            "customer_owned_ipv4_pool": "",
            "enable_dns64": false,
            "enable_lni_at_device_index": 0,
            "enable_resource_name_dns_a_record_on_launch": false,
            "enable_resource_name_dns_aaaa_record_on_launch": false,
            "id": "subnet-056e80a3dfec0bd9e",
            "ipv6_cidr_block": "",
            "ipv6_cidr_block_association_id": "",
            "ipv6_native": false,
            "map_customer_owned_ip_on_launch": false,
            "map_public_ip_on_launch": false,
            "outpost_arn": "",
            "owner_id": "843483113908",
            "private_dns_hostname_type_on_launch": "ip-name",
            "region": "us-east-1",
            "tags": {},
            "tags_all": {},
            "timeouts": null,
            "vpc_id": "vpc-0dffa730262bc1735"
          },
          "sensitive_attributes": [],
          "identity_schema_version": 0,
          "identity": {
            "account_id": "843483113908",
            "id": "subnet-056e80a3dfec0bd9e",
            "region": "us-east-1"
          },
          "private": "eyJlMmJmYjczMC1lY2FhLTExZTYtOGY4OC0zNDM2M2JjN2M0YzAiOnsiY3JlYXRlIjo2MDAwMDAwMDAwMDAsImRlbGV0ZSI6MTIwMDAwMDAwMDAwMH0sInNjaGVtYV92ZXJzaW9uIjoiMSJ9",
          "dependencies": [
            "aws_vpc.example"
          ]
        }
      ]
    },
    {
      "mode": "managed",
      "type": "aws_subnet",
      "name": "subnet_b",
      "provider": "provider[\"registry.terraform.io/hashicorp/aws\"]",
      "instances": [
        {
          "schema_version": 1,
          "attributes": {
            "arn": "arn:aws:ec2:us-east-1:843483113908:subnet/subnet-0d0c841fccdb40526",
            "assign_ipv6_address_on_creation": false,
            "availability_zone": "us-east-1b",
            "availability_zone_id": "use1-az4",
            "cidr_block": "10.0.2.0/24",
            "customer_owned_ipv4_pool": "",
            "enable_dns64": false,
            "enable_lni_at_device_index": 0,
            "enable_resource_name_dns_a_record_on_launch": false,
            "enable_resource_name_dns_aaaa_record_on_launch": false,
            "id": "subnet-0d0c841fccdb40526",
            "ipv6_cidr_block": "",
            "ipv6_cidr_block_association_id": "",
            "ipv6_native": false,
            "map_customer_owned_ip_on_launch": false,
            "map_public_ip_on_launch": false,
            "outpost_arn": "",
            "owner_id": "843483113908",
            "private_dns_hostname_type_on_launch": "ip-name",
            "region": "us-east-1",
            "tags": {},
            "tags_all": {},
            "timeouts": null,
            "vpc_id": "vpc-0dffa730262bc1735"
          },
          "sensitive_attributes": [],
          "identity_schema_version": 0,
          "identity": {
            "account_id": "843483113908",
            "id": "subnet-0d0c841fccdb40526",
            "region": "us-east-1"
          },
          "private": "eyJlMmJmYjczMC1lY2FhLTExZTYtOGY4OC0zNDM2M2JjN2M0YzAiOnsiY3JlYXRlIjo2MDAwMDAwMDAwMDAsImRlbGV0ZSI6MTIwMDAwMDAwMDAwMH0sInNjaGVtYV92ZXJzaW9uIjoiMSJ9",
          "dependencies": [
            "aws_vpc.example"
          ]
        }
      ]
    },
    {
      "mode": "managed",
      "type": "aws_vpc",
      "name": "example",
      "provider": "provider[\"registry.terraform.io/hashicorp/aws\"]",
      "instances": [
        {
          "schema_version": 1,
          "attributes": {
            "arn": "arn:aws:ec2:us-east-1:843483113908:vpc/vpc-0dffa730262bc1735",
            "assign_generated_ipv6_cidr_block": false,
            "cidr_block": "10.0.0.0/16",
            "default_network_acl_id": "acl-038a4e6dfc19f95c8",
            "default_route_table_id": "rtb-0d0361397450fe9a4",
            "default_security_group_id": "sg-0197b9049a20d8535",
            "dhcp_options_id": "dopt-03aaaacbf6199512a",
            "enable_dns_hostnames": false,
            "enable_dns_support": true,
            "enable_network_address_usage_metrics": false,
            "id": "vpc-0dffa730262bc1735",
            "instance_tenancy": "default",
            "ipv4_ipam_pool_id": null,
            "ipv4_netmask_length": null,
            "ipv6_association_id": "",
            "ipv6_cidr_block": "",
            "ipv6_cidr_block_network_border_group": "",
            "ipv6_ipam_pool_id": "",
            "ipv6_netmask_length": 0,
            "main_route_table_id": "rtb-0d0361397450fe9a4",
            "owner_id": "843483113908",
            "region": "us-east-1",
            "tags": {},
            "tags_all": {}
          },
          "sensitive_attributes": [],
          "identity_schema_version": 0,
          "identity": {
            "account_id": "843483113908",
            "id": "vpc-0dffa730262bc1735",
            "region": "us-east-1"
          },
          "private": "eyJzY2hlbWFfdmVyc2lvbiI6IjEifQ=="
        }
      ]
    }
  ],
  "check_results": null
}
