{
  "version": 4,
  "terraform_version": "1.13.4",
  "serial": 62,
  "lineage": "a7c6f947-186f-f639-2e96-cd0c2e332dec",
  "outputs": {},
  "resources": [
    {
      "mode": "data",
      "type": "aws_ecr_authorization_token",
      "name": "token",
      "provider": "provider[\"registry.terraform.io/hashicorp/aws\"]",
      "instances": [
        {
          "schema_version": 0,
          "attributes": {
            "authorization_token": "QVdTOmV5SndZWGxzYjJGa0lqb2lSamxCZFc1Q1pFMVNkR1pyUkZkT2JVTmhRalZyTlRsVGMwWTJTRXcyTXpGUWJ5OHdZVUZaWmpWRGNHeFpZbFI0TkVaTGRXRlhTVmgxYjFGbmJFaExWMHB0VkN0dlpXOVJVR2xtWjFkQ2FYcGlabFJxVFd3MGFXeExaSFZKT0VSSFFVUk1XbEo1VlVOSGVFbHROVXhsWWs5NlZVOVNkVVV4TTFWVlZURnFOSFJ2WW5Ga2FIcERNbVpFY3lzMFNUTTRha0puV2xCcFlteFNWVU5GVUcxVlYzRklPRFpqV2tGelp5dDBkVXB2YVdGa05YaFRLMG94ZVhkRVJURlBjbEp3UjBKMlpFUk1Za296WlVSaVFqaE1MMGxVZEZOVWNIcHVOemMyT0VaR0wyTTVMM2R4TlVkMWJsUmpNelpCUVM5Q1JuRmxXVEF6Y1V0TVIySldhRGd3ZVhaWUwxb3lja2gzUlVwSE5FeHVTV0l2Ym5oaWIweFJXV0pYWW5wQ05FbFdlVFZ2Y0dabVZHcHdUbFJHYkdwSlNUa3pibXRrVnpZd1oxbE1abkJOZVZoRU5XWnFSbEJxYVdjcmFsbFpLMVExYUdSTVIyUnRNMGxrWjBaUU16SmFiVzVPUzA5TlVHNXZRMGhLU0dGdVl6ZGpjRzFYYnpKNWIyVnFkRFl3UjBkRFJIRnpaamhRY1dKMFoyRmlMMkV3VEdvdlQyc3lXREZ1VGs4emJrbExlbFpLVERFNFZWZHBXVmRxVlVSTVVVOWFPR1U1UzNsUU16QlpSekZ4U2xkMU1XTm5RemRGTjFNMmEzSXhVbXhMVUZSWFIxRmxSMlJFUjJaTVQwRjFXRFptU1ZSaFJHWm1VM1Z0ZDJkWldUbHVPREJJTTI1VmNrWkhUbkZJZG5kSFZsVnlTak5HT1hKSVRuUTRNemRhU2poRWJWUk1RM1JqT1c5U0szSlFSWGxRWXpGTkt6Y3habVowZVhsUE9YbFVVbXM0TlZkRmNYbzNRaTlEYWpkUVlVWXlVR01yV1hGNWNUUkhSMGhMU0VGTmJGQk5aMFZRVm5KclIzUjBhREZqVDNZeWFEaExPV1Y2WldkdFRYbEtMMmhYVVdOSFRGbG5jRkpFUjJoYVIyaHlaMFUyUTBsclVVOUtXRWhZUkRSTE5GVTBVbTVKVXpVdldXNUtObGh2YURWWFNsQjBjVGh6VGxaQ05ESmxlR05zYWpKV0swdG5OM2wyVjNSc0szQlJNSEZhZFhCeVUyaFNaMmh3ZWtaWVZYTjZRVm8yUzJsRU1EUldORkppUm5CRGEzTkxXVzhyTDBSUFNsTXpSbWh0VTBOME5XMXFLMFZTZUVWRllqVkhVa2RZWWxObFUzQk5iazlsYURaVVlYaFBORzlZVmxGQ1Iwa3hURFo2V201MlNrTnBabU0wUWpoNWVqZHNiRkZTZVc1a2MxSkhTV3BFZUZkVVNuaG5abkZWWW1kdGNqZ3haRko1YzJKbFFtUkxlVFpIUTNoak5WVkpXRWxNUW5GbVprRmtOR0pYTjBWTVdYUm9iWGQzY0RSbVNDOXdXbEZ3T0VKdWF6bG1aakJKTTFCWVRIaEtVazUwWnpaV2RVVXJZVGxTU1dSd1ZqVm9Ua0ZWTjFrd09YYzFORWRHTmpSalQwcDVkR1ZWTkZndmFFSnZjekZoVW05YU4zcFpiMVIwZVhCdVdtZDFaRXhEYzFsMk9XSjBVRmN4ZFc4NE56SnRhVlpJU201NlRWbHRSMGhNZUM5cWNqZFpOMmxTWWpSUVpXTldTR2hzWnpkblYwcGpXazFoT1VGS2RuVlJNVGhrUW14TWVUbFpaVlJRVm5sNlRrTjRkSEoyWXl0V1NsVnVkQzlWVW5oWFZ6bFlSVmMxWjBwUE5VdG5RamR0ZDFsc2VsbHdSMHRIUmxOcmJYUldNSFJ6YzIxSmVtWkdabTVXYVc1dFdGaHdMMkY1TXpGQ1RVbFNSWGR6Wm1ablRHMWlibkV4TDNCRGIxbzFSVGR5YVdGNGQyczRZeXRvVVVvMlREWlpUbGR0VTBrelVFNDNjVzFtVVdsTmVVNXJZbWgzZDJoVFdFa3pkak5VSzBwSldWcHJVVFpDWldsa2EwNXhlRFEwUmtvelMxWTFjSGhJUW1sdE1HeE9jVWhsTlRRMU0xaHlSbHA0VGtkMFJHTjNjVVJPVVhJMVFrTXZXVkF2TkdONWRDdEdTVEZpYzNNeWRXOWpaWFJRWmtGd2FrOWlZblEwVXpGTmNWRkdaV3N4YXk5Tk1YVkJla2N4Y21SYVNFUjBTMnhRUnpGRFNFWmliVkV5SWl3aVpHRjBZV3RsZVNJNklrRlJSVUpCU0doM2JUQlpZVWxUU21WU2RFcHROVzR4UnpaMWNXVmxhMWgxYjFoWVVHVTFWVVpqWlRsU2NUZ3ZNVFIzUVVGQlNEUjNaa0ZaU2t0dldrbG9kbU5PUVZGalIyOUhPSGRpVVVsQ1FVUkNiMEpuYTNGb2EybEhPWGN3UWtKM1JYZElaMWxLV1VsYVNVRlhWVVJDUVVWMVRVSkZSVVJKV0RJNVRqRndaVkprVHpOWmRFZGFVVWxDUlVsQk55dG5RbEZqWWtScU5ESldLMmt2TDA1Qk1WcHlZMGhMTm5WNmQzUldXbkUwT1d0d1YwOTVVR2ROYVVwM01FWjBjbkJsVUdwRWFsTndTV0ZVYTBsV1dXNUNTVzg1WkhaMlVrSXJLMmsyYlhjOUlpd2lkbVZ5YzJsdmJpSTZJaklpTENKMGVYQmxJam9pUkVGVVFWOUxSVmtpTENKbGVIQnBjbUYwYVc5dUlqb3hOell4TkRZME5Ua3dmUT09",
            "expires_at": "2025-10-26T07:43:10Z",
            "id": "us-east-1",
            "password": "eyJwYXlsb2FkIjoiRjlBdW5CZE1SdGZrRFdObUNhQjVrNTlTc0Y2SEw2MzFQby8wYUFZZjVDcGxZYlR4NEZLdWFXSVh1b1FnbEhLV0ptVCtvZW9RUGlmZ1dCaXpiZlRqTWw0aWxLZHVJOERHQURMWlJ5VUNHeEltNUxlYk96VU9SdUUxM1VVVTFqNHRvYnFkaHpDMmZEcys0STM4akJnWlBpYmxSVUNFUG1VV3FIODZjWkFzZyt0dUpvaWFkNXhTK0oxeXdERTFPclJwR0J2ZERMYkozZURiQjhML0lUdFNUcHpuNzc2OEZGL2M5L3dxNUd1blRjMzZBQS9CRnFlWTAzcUtMR2JWaDgweXZYL1oyckh3RUpHNExuSWIvbnhib0xRWWJXYnpCNElWeTVvcGZmVGpwTlRGbGpJSTkzbmtkVzYwZ1lMZnBNeVhENWZqRlBqaWcrallZK1Q1aGRMR2RtM0lkZ0ZQMzJabW5OS09NUG5vQ0hKSGFuYzdjcG1XbzJ5b2VqdDYwR0dDRHFzZjhQcWJ0Z2FiL2EwTGovT2syWDFuTk8zbklLelZKTDE4VVdpWVdqVURMUU9aOGU5S3lQMzBZRzFxSld1MWNnQzdFN1M2a3IxUmxLUFRXR1FlR2RER2ZMT0F1WDZmSVRhRGZmU3Vtd2dZWTluODBIM25VckZHTnFIdndHVlVySjNGOXJITnQ4MzdaSjhEbVRMQ3RjOW9SK3JQRXlQYzFNKzcxZmZ0eXlPOXlUUms4NVdFcXo3Qi9DajdQYUYyUGMrWXF5cTRHR0hLSEFNbFBNZ0VQVnJrR3R0aDFjT3YyaDhLOWV6ZWdtTXlKL2hXUWNHTFlncFJER2haR2hyZ0U2Q0lrUU9KWEhYRDRLNFU0Um5JUzUvWW5KNlhvaDVXSlB0cThzTlZCNDJleGNsajJWK0tnN3l2V3RsK3BRMHFadXByU2hSZ2hwekZYVXN6QVo2S2lEMDRWNFJiRnBDa3NLWW8rL0RPSlMzRmhtU0N0NW1qK0VSeEVFYjVHUkdYYlNlU3BNbk9laDZUYXhPNG9YVlFCR0kxTDZ6Wm52SkNpZmM0Qjh5ejdsbFFSeW5kc1JHSWpEeFdUSnhnZnFVYmdtcjgxZFJ5c2JlQmRLeTZHQ3hjNVVJWElMQnFmZkFkNGJXN0VMWXRobXd3cDRmSC9wWlFwOEJuazlmZjBJM1BYTHhKUk50ZzZWdUUrYTlSSWRwVjVoTkFVN1kwOXc1NEdGNjRjT0p5dGVVNFgvaEJvczFhUm9aN3pZb1R0eXBuWmd1ZExDc1l2OWJ0UFcxdW84NzJtaVZISm56TVltR0hMeC9qcjdZN2lSYjRQZWNWSGhsZzdnV0pjWk1hOUFKdnVRMThkQmxMeTlZZVRQVnl6TkN4dHJ2YytWSlVudC9VUnhXVzlYRVc1Z0pPNUtnQjdtd1lsellwR0tHRlNrbXRWMHRzc21JemZGZm5WaW5tWFhwL2F5MzFCTUlSRXdzZmZnTG1ibnExL3BDb1o1RTdyaWF4d2s4YytoUUo2TDZZTldtU0kzUE43cW1mUWlNeU5rYmh3d2hTWEkzdjNUK0pJWVprUTZCZWlka05xeDQ0RkozS1Y1cHhIQmltMGxOcUhlNTQ1M1hyRlp4Tkd0RGN3cUROUXI1QkMvWVAvNGN5dCtGSTFic3MydW9jZXRQZkFwak9iYnQ0UzFNcVFGZWsxay9NMXVBekcxcmRaSER0S2xQRzFDSEZibVEyIiwiZGF0YWtleSI6IkFRRUJBSGh3bTBZYUlTSmVSdEptNW4xRzZ1cWVla1h1b1hYUGU1VUZjZTlScTgvMTR3QUFBSDR3ZkFZSktvWklodmNOQVFjR29HOHdiUUlCQURCb0Jna3Foa2lHOXcwQkJ3RXdIZ1lKWUlaSUFXVURCQUV1TUJFRURJWDI5TjFwZVJkTzNZdEdaUUlCRUlBNytnQlFjYkRqNDJWK2kvL05BMVpyY0hLNnV6d3RWWnE0OWtwV095UGdNaUp3MEZ0cnBlUGpEalNwSWFUa0lWWW5CSW85ZHZ2UkIrK2k2bXc9IiwidmVyc2lvbiI6IjIiLCJ0eXBlIjoiREFUQV9LRVkiLCJleHBpcmF0aW9uIjoxNzYxNDY0NTkwfQ==",
            "proxy_endpoint": "https://843483113908.dkr.ecr.us-east-1.amazonaws.com",
            "region": "us-east-1",
            "registry_id": null,
            "user_name": "AWS"
          },
          "sensitive_attributes": [
            [
              {
                "type": "get_attr",
                "value": "authorization_token"
              }
            ],
            [
              {
                "type": "get_attr",
                "value": "password"
              }
            ]
          ],
          "identity_schema_version": 0
        }
      ]
    },
    {
      "mode": "managed",
      "type": "aws_db_instance",
      "name": "postgres",
      "provider": "provider[\"registry.terraform.io/hashicorp/aws\"]",
      "instances": [
        {
          "schema_version": 2,
          "attributes": {
            "address": "rds-postgres-academy.clw2oa0qas37.us-east-1.rds.amazonaws.com",
            "allocated_storage": 20,
            "allow_major_version_upgrade": null,
            "apply_immediately": false,
            "arn": "arn:aws:rds:us-east-1:843483113908:db:rds-postgres-academy",
            "auto_minor_version_upgrade": true,
            "availability_zone": "us-east-1a",
            "backup_retention_period": 0,
            "backup_target": "region",
            "backup_window": "03:47-04:17",
            "blue_green_update": [],
            "ca_cert_identifier": "rds-ca-rsa2048-g1",
            "character_set_name": "",
            "copy_tags_to_snapshot": false,
            "custom_iam_instance_profile": "",
            "customer_owned_ip_enabled": false,
            "database_insights_mode": "standard",
            "db_name": "cs_project",
            "db_subnet_group_name": "rds-subnet-group-academy",
            "dedicated_log_volume": false,
            "delete_automated_backups": true,
            "deletion_protection": false,
            "domain": "",
            "domain_auth_secret_arn": "",
            "domain_dns_ips": [],
            "domain_fqdn": "",
            "domain_iam_role_name": "",
            "domain_ou": "",
            "enabled_cloudwatch_logs_exports": [],
            "endpoint": "rds-postgres-academy.clw2oa0qas37.us-east-1.rds.amazonaws.com:5432",
            "engine": "postgres",
            "engine_lifecycle_support": "open-source-rds-extended-support",
            "engine_version": "17.4",
            "engine_version_actual": "17.4",
            "final_snapshot_identifier": null,
            "hosted_zone_id": "Z2R2ITUGPM61AM",
            "iam_database_authentication_enabled": false,
            "id": "db-6JJCPWGEJXR6XMQC53G46NDM4U",
            "identifier": "rds-postgres-academy",
            "identifier_prefix": "",
            "instance_class": "db.t3.micro",
            "iops": 0,
            "kms_key_id": "",
            "latest_restorable_time": "",
            "license_model": "postgresql-license",
            "listener_endpoint": [],
            "maintenance_window": "sun:08:19-sun:08:49",
            "manage_master_user_password": null,
            "master_user_secret": [],
            "master_user_secret_kms_key_id": null,
            "max_allocated_storage": 0,
            "monitoring_interval": 0,
            "monitoring_role_arn": "",
            "multi_az": false,
            "nchar_character_set_name": "",
            "network_type": "IPV4",
            "option_group_name": "default:postgres-17",
            "parameter_group_name": "default.postgres17",
            "password": "SenhaMuitoSegura123",
            "password_wo": null,
            "password_wo_version": null,
            "performance_insights_enabled": false,
            "performance_insights_kms_key_id": "",
            "performance_insights_retention_period": 0,
            "port": 5432,
            "publicly_accessible": false,
            "region": "us-east-1",
            "replica_mode": "",
            "replicas": [],
            "replicate_source_db": "",
            "resource_id": "db-6JJCPWGEJXR6XMQC53G46NDM4U",
            "restore_to_point_in_time": [],
            "s3_import": [],
            "skip_final_snapshot": true,
            "snapshot_identifier": null,
            "status": "available",
            "storage_encrypted": false,
            "storage_throughput": 0,
            "storage_type": "gp2",
            "tags": {
              "Name": "RDS-Postgres-Academy"
            },
            "tags_all": {
              "Name": "RDS-Postgres-Academy"
            },
            "timeouts": null,
            "timezone": "",
            "upgrade_storage_config": null,
            "username": "dbadmin",
            "vpc_security_group_ids": [
              "sg-0a14ab12d9815c1b5"
            ]
          },
          "sensitive_attributes": [
            [
              {
                "type": "get_attr",
                "value": "password"
              }
            ],
            [
              {
                "type": "get_attr",
                "value": "password_wo"
              }
            ],
            [
              {
                "type": "get_attr",
                "value": "username"
              }
            ]
          ],
          "identity_schema_version": 0,
          "private": "eyJlMmJmYjczMC1lY2FhLTExZTYtOGY4OC0zNDM2M2JjN2M0YzAiOnsiY3JlYXRlIjozMDAwMDAwMDAwMDAwLCJkZWxldGUiOjM2MDAwMDAwMDAwMDAsInVwZGF0ZSI6NDgwMDAwMDAwMDAwMH0sInNjaGVtYV92ZXJzaW9uIjoiMiJ9",
          "dependencies": [
            "aws_db_subnet_group.rds_subnet_group",
            "aws_security_group.rds_sg",
            "aws_subnet.subnet_a",
            "aws_subnet.subnet_b",
            "aws_vpc.example"
          ]
        }
      ]
    },
    {
      "mode": "managed",
      "type": "aws_db_subnet_group",
      "name": "rds_subnet_group",
      "provider": "provider[\"registry.terraform.io/hashicorp/aws\"]",
      "instances": [
        {
          "schema_version": 0,
          "attributes": {
            "arn": "arn:aws:rds:us-east-1:843483113908:subgrp:rds-subnet-group-academy",
            "description": "DB subnet group for the RDS instance",
            "id": "rds-subnet-group-academy",
            "name": "rds-subnet-group-academy",
            "name_prefix": "",
            "region": "us-east-1",
            "subnet_ids": [
              "subnet-056e80a3dfec0bd9e",
              "subnet-0d0c841fccdb40526"
            ],
            "supported_network_types": [
              "IPV4"
            ],
            "tags": {},
            "tags_all": {},
            "vpc_id": "vpc-0dffa730262bc1735"
          },
          "sensitive_attributes": [],
          "identity_schema_version": 0,
          "private": "bnVsbA==",
          "dependencies": [
            "aws_subnet.subnet_a",
            "aws_subnet.subnet_b",
            "aws_vpc.example"
          ]
        }
      ]
    },
    {
      "mode": "managed",
      "type": "aws_ecr_repository",
      "name": "lambda_repo",
      "provider": "provider[\"registry.terraform.io/hashicorp/aws\"]",
      "instances": [
        {
          "schema_version": 0,
          "attributes": {
            "arn": "arn:aws:ecr:us-east-1:843483113908:repository/cs-t1-springboot-repo",
            "encryption_configuration": [
              {
                "encryption_type": "AES256",
                "kms_key": ""
              }
            ],
            "force_delete": null,
            "id": "cs-t1-springboot-repo",
            "image_scanning_configuration": [
              {
                "scan_on_push": true
              }
            ],
            "image_tag_mutability": "MUTABLE",
            "image_tag_mutability_exclusion_filter": [],
            "name": "cs-t1-springboot-repo",
            "region": "us-east-1",
            "registry_id": "843483113908",
            "repository_url": "843483113908.dkr.ecr.us-east-1.amazonaws.com/cs-t1-springboot-repo",
            "tags": {},
            "tags_all": {},
            "timeouts": null
          },
          "sensitive_attributes": [],
          "identity_schema_version": 0,
          "identity": {
            "account_id": "843483113908",
            "name": "cs-t1-springboot-repo",
            "region": "us-east-1"
          },
          "private": "eyJlMmJmYjczMC1lY2FhLTExZTYtOGY4OC0zNDM2M2JjN2M0YzAiOnsiZGVsZXRlIjoxMjAwMDAwMDAwMDAwfX0="
        }
      ]
    },
    {
      "mode": "managed",
      "type": "aws_security_group",
      "name": "rds_sg",
      "provider": "provider[\"registry.terraform.io/hashicorp/aws\"]",
      "instances": [
        {
          "schema_version": 1,
          "attributes": {
            "arn": "arn:aws:ec2:us-east-1:843483113908:security-group/sg-0a14ab12d9815c1b5",
            "description": "Allow inbound traffic for RDS Postgres",
            "egress": [
              {
                "cidr_blocks": [
                  "0.0.0.0/0"
                ],
                "description": "",
                "from_port": 0,
                "ipv6_cidr_blocks": [],
                "prefix_list_ids": [],
                "protocol": "-1",
                "security_groups": [],
                "self": false,
                "to_port": 0
              }
            ],
            "id": "sg-0a14ab12d9815c1b5",
            "ingress": [
              {
                "cidr_blocks": [
                  "10.0.0.0/16"
                ],
                "description": "",
                "from_port": 5432,
                "ipv6_cidr_blocks": [],
                "prefix_list_ids": [],
                "protocol": "tcp",
                "security_groups": [],
                "self": false,
                "to_port": 5432
              }
            ],
            "name": "rds-postgres-sg",
            "name_prefix": "",
            "owner_id": "843483113908",
            "region": "us-east-1",
            "revoke_rules_on_delete": false,
            "tags": {
              "Name": "rds-postgres-sg"
            },
            "tags_all": {
              "Name": "rds-postgres-sg"
            },
            "timeouts": null,
            "vpc_id": "vpc-0dffa730262bc1735"
          },
          "sensitive_attributes": [],
          "identity_schema_version": 0,
          "identity": {
            "account_id": "843483113908",
            "id": "sg-0a14ab12d9815c1b5",
            "region": "us-east-1"
          },
          "private": "eyJlMmJmYjczMC1lY2FhLTExZTYtOGY4OC0zNDM2M2JjN2M0YzAiOnsiY3JlYXRlIjo2MDAwMDAwMDAwMDAsImRlbGV0ZSI6OTAwMDAwMDAwMDAwfSwic2NoZW1hX3ZlcnNpb24iOiIxIn0=",
          "dependencies": [
            "aws_vpc.example"
          ]
        }
      ]
    },
    {
      "mode": "managed",
      "type": "aws_subnet",
      "name": "subnet_a",
      "provider": "provider[\"registry.terraform.io/hashicorp/aws\"]",
      "instances": [
        {
          "schema_version": 1,
          "attributes": {
            "arn": "arn:aws:ec2:us-east-1:843483113908:subnet/subnet-056e80a3dfec0bd9e",
            "assign_ipv6_address_on_creation": false,
            "availability_zone": "us-east-1a",
            "availability_zone_id": "use1-az2",
            "cidr_block": "10.0.1.0/24",
            "customer_owned_ipv4_pool": "",
            "enable_dns64": false,
            "enable_lni_at_device_index": 0,
            "enable_resource_name_dns_a_record_on_launch": false,
            "enable_resource_name_dns_aaaa_record_on_launch": false,
            "id": "subnet-056e80a3dfec0bd9e",
            "ipv6_cidr_block": "",
            "ipv6_cidr_block_association_id": "",
            "ipv6_native": false,
            "map_customer_owned_ip_on_launch": false,
            "map_public_ip_on_launch": false,
            "outpost_arn": "",
            "owner_id": "843483113908",
            "private_dns_hostname_type_on_launch": "ip-name",
            "region": "us-east-1",
            "tags": {},
            "tags_all": {},
            "timeouts": null,
            "vpc_id": "vpc-0dffa730262bc1735"
          },
          "sensitive_attributes": [],
          "identity_schema_version": 0,
          "identity": {
            "account_id": "843483113908",
            "id": "subnet-056e80a3dfec0bd9e",
            "region": "us-east-1"
          },
          "private": "eyJlMmJmYjczMC1lY2FhLTExZTYtOGY4OC0zNDM2M2JjN2M0YzAiOnsiY3JlYXRlIjo2MDAwMDAwMDAwMDAsImRlbGV0ZSI6MTIwMDAwMDAwMDAwMH0sInNjaGVtYV92ZXJzaW9uIjoiMSJ9",
          "dependencies": [
            "aws_vpc.example"
          ]
        }
      ]
    },
    {
      "mode": "managed",
      "type": "aws_subnet",
      "name": "subnet_b",
      "provider": "provider[\"registry.terraform.io/hashicorp/aws\"]",
      "instances": [
        {
          "schema_version": 1,
          "attributes": {
            "arn": "arn:aws:ec2:us-east-1:843483113908:subnet/subnet-0d0c841fccdb40526",
            "assign_ipv6_address_on_creation": false,
            "availability_zone": "us-east-1b",
            "availability_zone_id": "use1-az4",
            "cidr_block": "10.0.2.0/24",
            "customer_owned_ipv4_pool": "",
            "enable_dns64": false,
            "enable_lni_at_device_index": 0,
            "enable_resource_name_dns_a_record_on_launch": false,
            "enable_resource_name_dns_aaaa_record_on_launch": false,
            "id": "subnet-0d0c841fccdb40526",
            "ipv6_cidr_block": "",
            "ipv6_cidr_block_association_id": "",
            "ipv6_native": false,
            "map_customer_owned_ip_on_launch": false,
            "map_public_ip_on_launch": false,
            "outpost_arn": "",
            "owner_id": "843483113908",
            "private_dns_hostname_type_on_launch": "ip-name",
            "region": "us-east-1",
            "tags": {},
            "tags_all": {},
            "timeouts": null,
            "vpc_id": "vpc-0dffa730262bc1735"
          },
          "sensitive_attributes": [],
          "identity_schema_version": 0,
          "identity": {
            "account_id": "843483113908",
            "id": "subnet-0d0c841fccdb40526",
            "region": "us-east-1"
          },
          "private": "eyJlMmJmYjczMC1lY2FhLTExZTYtOGY4OC0zNDM2M2JjN2M0YzAiOnsiY3JlYXRlIjo2MDAwMDAwMDAwMDAsImRlbGV0ZSI6MTIwMDAwMDAwMDAwMH0sInNjaGVtYV92ZXJzaW9uIjoiMSJ9",
          "dependencies": [
            "aws_vpc.example"
          ]
        }
      ]
    },
    {
      "mode": "managed",
      "type": "aws_vpc",
      "name": "example",
      "provider": "provider[\"registry.terraform.io/hashicorp/aws\"]",
      "instances": [
        {
          "schema_version": 1,
          "attributes": {
            "arn": "arn:aws:ec2:us-east-1:843483113908:vpc/vpc-0dffa730262bc1735",
            "assign_generated_ipv6_cidr_block": false,
            "cidr_block": "10.0.0.0/16",
            "default_network_acl_id": "acl-038a4e6dfc19f95c8",
            "default_route_table_id": "rtb-0d0361397450fe9a4",
            "default_security_group_id": "sg-0197b9049a20d8535",
            "dhcp_options_id": "dopt-03aaaacbf6199512a",
            "enable_dns_hostnames": false,
            "enable_dns_support": true,
            "enable_network_address_usage_metrics": false,
            "id": "vpc-0dffa730262bc1735",
            "instance_tenancy": "default",
            "ipv4_ipam_pool_id": null,
            "ipv4_netmask_length": null,
            "ipv6_association_id": "",
            "ipv6_cidr_block": "",
            "ipv6_cidr_block_network_border_group": "",
            "ipv6_ipam_pool_id": "",
            "ipv6_netmask_length": 0,
            "main_route_table_id": "rtb-0d0361397450fe9a4",
            "owner_id": "843483113908",
            "region": "us-east-1",
            "tags": {},
            "tags_all": {}
          },
          "sensitive_attributes": [],
          "identity_schema_version": 0,
          "identity": {
            "account_id": "843483113908",
            "id": "vpc-0dffa730262bc1735",
            "region": "us-east-1"
          },
          "private": "eyJzY2hlbWFfdmVyc2lvbiI6IjEifQ=="
        }
      ]
    }
  ],
  "check_results": null
}
